{
    "_readme": [
        "This file locks the dependencies of your project to a known state",
        "Read more about it at https://getcomposer.org/doc/01-basic-usage.md#installing-dependencies",
        "This file is @generated automatically"
    ],
    "content-hash": "7c1c8dc8faeca13cc0e0a1d6e9cbb4f3",
    "packages": [
        {
            "name": "cb-master/cb-model",
            "version": "dev-main",
            "source": {
                "type": "git",
                "url": "https://github.com/cb-master/cbm-model.git",
                "reference": "d0ed5507a3ecc10b07ce76a3bd92223608e19640"
            },
            "dist": {
                "type": "zip",
                "url": "https://api.github.com/repos/cb-master/cbm-model/zipball/d0ed5507a3ecc10b07ce76a3bd92223608e19640",
                "reference": "d0ed5507a3ecc10b07ce76a3bd92223608e19640",
                "shasum": ""
            },
            "default-branch": true,
            "type": "package",
            "autoload": {
                "psr-4": {
                    "CBM\\Model\\": "src/",
                    "CBM\\ModelHelper\\": "helper/"
                }
            },
            "notification-url": "https://packagist.org/downloads/",
            "license": [
                "MIT"
            ],
            "authors": [
                {
                    "name": "Showket Ahmed",
                    "email": "riyadhtayf@gmail.com"
                }
            ],
            "description": "A database model for cloud bill master application use.",
            "support": {
                "issues": "https://github.com/cb-master/cbm-model/issues",
                "source": "https://github.com/cb-master/cbm-model/tree/main"
            },
            "time": "2024-11-23T21:38:47+00:00"
        }
    ],
    "packages-dev": [],
    "aliases": [],
    "minimum-stability": "stable",
    "stability-flags": {
        "cb-master/cb-model": 20
    },
    "prefer-stable": false,
    "prefer-lowest": false,
    "platform": {},
    "platform-dev": {},
    "plugin-api-version": "2.6.0"
}
